
Microsoft Visual Studio Solution File, Format Version 12.00
# Visual Studio Version 16
VisualStudioVersion = 16.0.30114.105
MinimumVisualStudioVersion = 10.0.40219.1
Project("{FAE04EC0-301F-11D3-BF4B-00C04F79EFBC}") = "ProfanityFilter", "ProfanityFilter\ProfanityFilter.csproj", "{2E74C6FD-282B-436C-846B-4192AC3930C6}"
EndProject
Project("{FAE04EC0-301F-11D3-BF4B-00C04F79EFBC}") = "ProfanityFilter.Tests.Unit", "ProfanityFilter.Tests.Unit\ProfanityFilter.Tests.Unit.csproj", "{8D9EE329-7C5E-4C89-B2A9-5EB437567EB6}"
EndProject
Global
	GlobalSection(SolutionConfigurationPlatforms) = preSolution
		Debug|Any CPU = Debug|Any CPU
		Release|Any CPU = Release|Any CPU
	EndGlobalSection
	GlobalSection(SolutionProperties) = preSolution
		HideSolutionNode = FALSE
	EndGlobalSection
	GlobalSection(ProjectConfigurationPlatforms) = postSolution
		{2E74C6FD-282B-436C-846B-4192AC3930C6}.Debug|Any CPU.ActiveCfg = Debug|Any CPU
		{2E74C6FD-282B-436C-846B-4192AC3930C6}.Debug|Any CPU.Build.0 = Debug|Any CPU
		{2E74C6FD-282B-436C-846B-4192AC3930C6}.Release|Any CPU.ActiveCfg = Release|Any CPU
		{2E74C6FD-282B-436C-846B-4192AC3930C6}.Release|Any CPU.Build.0 = Release|Any CPU
		{8D9EE329-7C5E-4C89-B2A9-5EB437567EB6}.Debug|Any CPU.ActiveCfg = Debug|Any CPU
		{8D9EE329-7C5E-4C89-B2A9-5EB437567EB6}.Debug|Any CPU.Build.0 = Debug|Any CPU
		{8D9EE329-7C5E-4C89-B2A9-5EB437567EB6}.Release|Any CPU.ActiveCfg = Release|Any CPU
		{8D9EE329-7C5E-4C89-B2A9-5EB437567EB6}.Release|Any CPU.Build.0 = Release|Any CPU
	EndGlobalSection
EndGlobal
